{
  "name": "saikat0326",
  "lockfileVersion": 2,
  "requires": true,
  "packages": {
    "": {
      "dependencies": {
        "@github/typing-effect-element": "^0.1.0"
      }
    },
    "node_modules/@github/typing-effect-element": {
      "version": "0.1.0",
      "resolved": "https://registry.npmjs.org/@github/typing-effect-element/-/typing-effect-element-0.1.0.tgz",
      "integrity": "sha512-aIAJmnzZ49evO2G5xNNbxypJRV1wir03UyY5mqemjZQMdQW2DGKKn2fjwRLgGNnYlziumd5m3q31hzmY1FmPmw=="
    }
  },
  "dependencies": {
    "@github/typing-effect-element": {
      "version": "0.1.0",
      "resolved": "https://registry.npmjs.org/@github/typing-effect-element/-/typing-effect-element-0.1.0.tgz",
      "integrity": "sha512-aIAJmnzZ49evO2G5xNNbxypJRV1wir03UyY5mqemjZQMdQW2DGKKn2fjwRLgGNnYlziumd5m3q31hzmY1FmPmw=="
    }
  }
}
